// !$*UTF8*$!
{
	archiveVersion = 1;
	classes = {
	};
	objectVersion = 56;
	objects = {

/* Begin PBXBuildFile section */
		A96A2CCA2920ED8800CA2B68 /* AppDelegate.swift in Sources */ = {isa = PBXBuildFile; fileRef = A96A2CC92920ED8800CA2B68 /* AppDelegate.swift */; };
		A96A2CCC2920ED8800CA2B68 /* SceneDelegate.swift in Sources */ = {isa = PBXBuildFile; fileRef = A96A2CCB2920ED8800CA2B68 /* SceneDelegate.swift */; };
		A96A2CCE2920ED8800CA2B68 /* BadProgressController.swift in Sources */ = {isa = PBXBuildFile; fileRef = A96A2CCD2920ED8800CA2B68 /* BadProgressController.swift */; };
		A96A2CD12920ED8800CA2B68 /* Main.storyboard in Resources */ = {isa = PBXBuildFile; fileRef = A96A2CCF2920ED8800CA2B68 /* Main.storyboard */; };
		A96A2CD32920ED8800CA2B68 /* Assets.xcassets in Resources */ = {isa = PBXBuildFile; fileRef = A96A2CD22920ED8800CA2B68 /* Assets.xcassets */; };
		A96A2CD62920ED8800CA2B68 /* LaunchScreen.storyboard in Resources */ = {isa = PBXBuildFile; fileRef = A96A2CD42920ED8800CA2B68 /* LaunchScreen.storyboard */; };
		A96A2CDE2920F22700CA2B68 /* CorrectProgressController.swift in Sources */ = {isa = PBXBuildFile; fileRef = A96A2CDD2920F22700CA2B68 /* CorrectProgressController.swift */; };
/* End PBXBuildFile section */

/* Begin PBXFileReference section */
		A96A2CC62920ED8800CA2B68 /* progressBarGCD.app */ = {isa = PBXFileReference; explicitFileType = wrapper.application; includeInIndex = 0; path = progressBarGCD.app; sourceTree = BUILT_PRODUCTS_DIR; };
		A96A2CC92920ED8800CA2B68 /* AppDelegate.swift */ = {isa = PBXFileReference; lastKnownFileType = sourcecode.swift; path = AppDelegate.swift; sourceTree = "<group>"; };
		A96A2CCB2920ED8800CA2B68 /* SceneDelegate.swift */ = {isa = PBXFileReference; lastKnownFileType = sourcecode.swift; path = SceneDelegate.swift; sourceTree = "<group>"; };
		A96A2CCD2920ED8800CA2B68 /* BadProgressController.swift */ = {isa = PBXFileReference; lastKnownFileType = sourcecode.swift; path = BadProgressController.swift; sourceTree = "<group>"; };
		A96A2CD02920ED8800CA2B68 /* Base */ = {isa = PBXFileReference; lastKnownFileType = file.storyboard; name = Base; path = Base.lproj/Main.storyboard; sourceTree = "<group>"; };
		A96A2CD22920ED8800CA2B68 /* Assets.xcassets */ = {isa = PBXFileReference; lastKnownFileType = folder.assetcatalog; path = Assets.xcassets; sourceTree = "<group>"; };
		A96A2CD52920ED8800CA2B68 /* Base */ = {isa = PBXFileReference; lastKnownFileType = file.storyboard; name = Base; path = Base.lproj/LaunchScreen.storyboard; sourceTree = "<group>"; };
		A96A2CD72920ED8800CA2B68 /* Info.plist */ = {isa = PBXFileReference; lastKnownFileType = text.plist.xml; path = Info.plist; sourceTree = "<group>"; };
		A96A2CDD2920F22700CA2B68 /* CorrectProgressController.swift */ = {isa = PBXFileReference; lastKnownFileType = sourcecode.swift; path = CorrectProgressController.swift; sourceTree = "<group>"; };
/* End PBXFileReference section */

/* Begin PBXFrameworksBuildPhase section */
		A96A2CC32920ED8800CA2B68 /* Frameworks */ = {
			isa = PBXFrameworksBuildPhase;
			buildActionMask = 2147483647;
			files = (
			);
			runOnlyForDeploymentPostprocessing = 0;
		};
/* End PBXFrameworksBuildPhase section */

/* Begin PBXGroup section */
		A96A2CBD2920ED8800CA2B68 = {
			isa = PBXGroup;
			children = (
				A96A2CC82920ED8800CA2B68 /* progressBarGCD */,
				A96A2CC72920ED8800CA2B68 /* Products */,
			);
			sourceTree = "<group>";
		};
		A96A2CC72920ED8800CA2B68 /* Products */ = {
			isa = PBXGroup;
			children = (
				A96A2CC62920ED8800CA2B68 /* progressBarGCD.app */,
			);
			name = Products;
			sourceTree = "<group>";
		};
		A96A2CC82920ED8800CA2B68 /* progressBarGCD */ = {
			isa = PBXGroup;
			children = (
				A96A2CC92920ED8800CA2B68 /* AppDelegate.swift */,
				A96A2CCB2920ED8800CA2B68 /* SceneDelegate.swift */,
				A96A2CCD2920ED8800CA2B68 /* BadProgressController.swift */,
				A96A2CDD2920F22700CA2B68 /* CorrectProgressController.swift */,
				A96A2CCF2920ED8800CA2B68 /* Main.storyboard */,
				A96A2CD22920ED8800CA2B68 /* Assets.xcassets */,
				A96A2CD42920ED8800CA2B68 /* LaunchScreen.storyboard */,
				A96A2CD72920ED8800CA2B68 /* Info.plist */,
			);
			path = progressBarGCD;
			sourceTree = "<group>";
		};
/* End PBXGroup section */

/* Begin PBXNativeTarget section */
		A96A2CC52920ED8800CA2B68 /* progressBarGCD */ = {
			isa = PBXNativeTarget;
			buildConfigurationList = A96A2CDA2920ED8800CA2B68 /* Build configuration list for PBXNativeTarget "progressBarGCD" */;
			buildPhases = (
				A96A2CC22920ED8800CA2B68 /* Sources */,
				A96A2CC32920ED8800CA2B68 /* Frameworks */,
				A96A2CC42920ED8800CA2B68 /* Resources */,
			);
			buildRules = (
			);
			dependencies = (
			);
			name = progressBarGCD;
			productName = progressBarGCD;
			productReference = A96A2CC62920ED8800CA2B68 /* progressBarGCD.app */;
			productType = "com.apple.product-type.application";
		};
/* End PBXNativeTarget section */

/* Begin PBXProject section */
		A96A2CBE2920ED8800CA2B68 /* Project object */ = {
			isa = PBXProject;
			attributes = {
				BuildIndependentTargetsInParallel = 1;
				LastSwiftUpdateCheck = 1410;
				LastUpgradeCheck = 1410;
				TargetAttributes = {
					A96A2CC52920ED8800CA2B68 = {
						CreatedOnToolsVersion = 14.1;
					};
				};
			};
			buildConfigurationList = A96A2CC12920ED8800CA2B68 /* Build configuration list for PBXProject "progressBarGCD" */;
			compatibilityVersion = "Xcode 14.0";
			developmentRegion = en;
			hasScannedForEncodings = 0;
			knownRegions = (
				en,
				Base,
			);
			mainGroup = A96A2CBD2920ED8800CA2B68;
			productRefGroup = A96A2CC72920ED8800CA2B68 /* Products */;
			projectDirPath = "";
			projectRoot = "";
			targets = (
				A96A2CC52920ED8800CA2B68 /* progressBarGCD */,
			);
		};
/* End PBXProject section */

/* Begin PBXResourcesBuildPhase section */
		A96A2CC42920ED8800CA2B68 /* Resources */ = {
			isa = PBXResourcesBuildPhase;
			buildActionMask = 2147483647;
			files = (
				A96A2CD62920ED8800CA2B68 /* LaunchScreen.storyboard in Resources */,
				A96A2CD32920ED8800CA2B68 /* Assets.xcassets in Resources */,
				A96A2CD12920ED8800CA2B68 /* Main.storyboard in Resources */,
			);
			runOnlyForDeploymentPostprocessing = 0;
		};
/* End PBXResourcesBuildPhase section */

/* Begin PBXSourcesBuildPhase section */
		A96A2CC22920ED8800CA2B68 /* Sources */ = {
			isa = PBXSourcesBuildPhase;
			buildActionMask = 2147483647;
			files = (
				A96A2CCE2920ED8800CA2B68 /* BadProgressController.swift in Sources */,
				A96A2CDE2920F22700CA2B68 /* CorrectProgressController.swift in Sources */,
				A96A2CCA2920ED8800CA2B68 /* AppDelegate.swift in Sources */,
				A96A2CCC2920ED8800CA2B68 /* SceneDelegate.swift in Sources */,
			);
			runOnlyForDeploymentPostprocessing = 0;
		};
/* End PBXSourcesBuildPhase section */

/* Begin PBXVariantGroup section */
		A96A2CCF2920ED8800CA2B68 /* Main.storyboard */ = {
			isa = PBXVariantGroup;
			children = (
				A96A2CD02920ED8800CA2B68 /* Base */,
			);
			name = Main.storyboard;
			sourceTree = "<group>";
		};
		A96A2CD42920ED8800CA2B68 /* LaunchScreen.storyboard */ = {
			isa = PBXVariantGroup;
			children = (
				A96A2CD52920ED8800CA2B68 /* Base */,
			);
			name = LaunchScreen.storyboard;
			sourceTree = "<group>";
		};
/* End PBXVariantGroup section */

/* Begin XCBuildConfiguration section */
		A96A2CD82920ED8800CA2B68 /* Debug */ = {
			isa = XCBuildConfiguration;
			buildSettings = {
				ALWAYS_SEARCH_USER_PATHS = NO;
				CLANG_ANALYZER_NONNULL = YES;
				CLANG_ANALYZER_NUMBER_OBJECT_CONVERSION = YES_AGGRESSIVE;
				CLANG_CXX_LANGUAGE_STANDARD = "gnu++20";
				CLANG_ENABLE_MODULES = YES;
				CLANG_ENABLE_OBJC_ARC = YES;
				CLANG_ENABLE_OBJC_WEAK = YES;
				CLANG_WARN_BLOCK_CAPTURE_AUTORELEASING = YES;
				CLANG_WARN_BOOL_CONVERSION = YES;
				CLANG_WARN_COMMA = YES;
				CLANG_WARN_CONSTANT_CONVERSION = YES;
				CLANG_WARN_DEPRECATED_OBJC_IMPLEMENTATIONS = YES;
				CLANG_WARN_DIRECT_OBJC_ISA_USAGE = YES_ERROR;
				CLANG_WARN_DOCUMENTATION_COMMENTS = YES;
				CLANG_WARN_EMPTY_BODY = YES;
				CLANG_WARN_ENUM_CONVERSION = YES;
				CLANG_WARN_INFINITE_RECURSION = YES;
				CLANG_WARN_INT_CONVERSION = YES;
				CLANG_WARN_NON_LITERAL_NULL_CONVERSION = YES;
				CLANG_WARN_OBJC_IMPLICIT_RETAIN_SELF = YES;
				CLANG_WARN_OBJC_LITERAL_CONVERSION = YES;
				CLANG_WARN_OBJC_ROOT_CLASS = YES_ERROR;
				CLANG_WARN_QUOTED_INCLUDE_IN_FRAMEWORK_HEADER = YES;
				CLANG_WARN_RANGE_LOOP_ANALYSIS = YES;
				CLANG_WARN_STRICT_PROTOTYPES = YES;
				CLANG_WARN_SUSPICIOUS_MOVE = YES;
				CLANG_WARN_UNGUARDED_AVAILABILITY = YES_AGGRESSIVE;
				CLANG_WARN_UNREACHABLE_CODE = YES;
				CLANG_WARN__DUPLICATE_METHOD_MATCH = YES;
				COPY_PHASE_STRIP = NO;
				DEBUG_INFORMATION_FORMAT = dwarf;
				ENABLE_STRICT_OBJC_MSGSEND = YES;
				ENABLE_TESTABILITY = YES;
				GCC_C_LANGUAGE_STANDARD = gnu11;
				GCC_DYNAMIC_NO_PIC = NO;
				GCC_NO_COMMON_BLOCKS = YES;
				GCC_OPTIMIZATION_LEVEL = 0;
				GCC_PREPROCESSOR_DEFINITIONS = (
					"DEBUG=1",
					"$(inherited)",
				);
				GCC_WARN_64_TO_32_BIT_CONVERSION = YES;
				GCC_WARN_ABOUT_RETURN_TYPE = YES_ERROR;
				GCC_WARN_UNDECLARED_SELECTOR = YES;
				GCC_WARN_UNINITIALIZED_AUTOS = YES_AGGRESSIVE;
				GCC_WARN_UNUSED_FUNCTION = YES;
				GCC_WARN_UNUSED_VARIABLE = YES;
				IPHONEOS_DEPLOYMENT_TARGET = 16.1;
				MTL_ENABLE_DEBUG_INFO = INCLUDE_SOURCE;
				MTL_FAST_MATH = YES;
				ONLY_ACTIVE_ARCH = YES;
				SDKROOT = iphoneos;
				SWIFT_ACTIVE_COMPILATION_CONDITIONS = DEBUG;
				SWIFT_OPTIMIZATION_LEVEL = "-Onone";
			};
			name = Debug;
		};
		A96A2CD92920ED8800CA2B68 /* Release */ = {
			isa = XCBuildConfiguration;
			buildSettings = {
				ALWAYS_SEARCH_USER_PATHS = NO;
				CLANG_ANALYZER_NONNULL = YES;
				CLANG_ANALYZER_NUMBER_OBJECT_CONVERSION = YES_AGGRESSIVE;
				CLANG_CXX_LANGUAGE_STANDARD = "gnu++20";
				CLANG_ENABLE_MODULES = YES;
				CLANG_ENABLE_OBJC_ARC = YES;
				CLANG_ENABLE_OBJC_WEAK = YES;
				CLANG_WARN_BLOCK_CAPTURE_AUTORELEASING = YES;
				CLANG_WARN_BOOL_CONVERSION = YES;
				CLANG_WARN_COMMA = YES;
				CLANG_WARN_CONSTANT_CONVERSION = YES;
				CLANG_WARN_DEPRECATED_OBJC_IMPLEMENTATIONS = YES;
				CLANG_WARN_DIRECT_OBJC_ISA_USAGE = YES_ERROR;
				CLANG_WARN_DOCUMENTATION_COMMENTS = YES;
				CLANG_WARN_EMPTY_BODY = YES;
				CLANG_WARN_ENUM_CONVERSION = YES;
				CLANG_WARN_INFINITE_RECURSION = YES;
				CLANG_WARN_INT_CONVERSION = YES;
				CLANG_WARN_NON_LITERAL_NULL_CONVERSION = YES;
				CLANG_WARN_OBJC_IMPLICIT_RETAIN_SELF = YES;
				CLANG_WARN_OBJC_LITERAL_CONVERSION = YES;
				CLANG_WARN_OBJC_ROOT_CLASS = YES_ERROR;
				CLANG_WARN_QUOTED_INCLUDE_IN_FRAMEWORK_HEADER = YES;
				CLANG_WARN_RANGE_LOOP_ANALYSIS = YES;
				CLANG_WARN_STRICT_PROTOTYPES = YES;
				CLANG_WARN_SUSPICIOUS_MOVE = YES;
				CLANG_WARN_UNGUARDED_AVAILABILITY = YES_AGGRESSIVE;
				CLANG_WARN_UNREACHABLE_CODE = YES;
				CLANG_WARN__DUPLICATE_METHOD_MATCH = YES;
				COPY_PHASE_STRIP = NO;
				DEBUG_INFORMATION_FORMAT = "dwarf-with-dsym";
				ENABLE_NS_ASSERTIONS = NO;
				ENABLE_STRICT_OBJC_MSGSEND = YES;
				GCC_C_LANGUAGE_STANDARD = gnu11;
				GCC_NO_COMMON_BLOCKS = YES;
				GCC_WARN_64_TO_32_BIT_CONVERSION = YES;
				GCC_WARN_ABOUT_RETURN_TYPE = YES_ERROR;
				GCC_WARN_UNDECLARED_SELECTOR = YES;
				GCC_WARN_UNINITIALIZED_AUTOS = YES_AGGRESSIVE;
				GCC_WARN_UNUSED_FUNCTION = YES;
				GCC_WARN_UNUSED_VARIABLE = YES;
				IPHONEOS_DEPLOYMENT_TARGET = 16.1;
				MTL_ENABLE_DEBUG_INFO = NO;
				MTL_FAST_MATH = YES;
				SDKROOT = iphoneos;
				SWIFT_COMPILATION_MODE = wholemodule;
				SWIFT_OPTIMIZATION_LEVEL = "-O";
				VALIDATE_PRODUCT = YES;
			};
			name = Release;
		};
		A96A2CDB2920ED8800CA2B68 /* Debug */ = {
			isa = XCBuildConfiguration;
			buildSettings = {
				ASSETCATALOG_COMPILER_APPICON_NAME = AppIcon;
				ASSETCATALOG_COMPILER_GLOBAL_ACCENT_COLOR_NAME = AccentColor;
				CODE_SIGN_STYLE = Automatic;
				CURRENT_PROJECT_VERSION = 1;
				GENERATE_INFOPLIST_FILE = YES;
				INFOPLIST_FILE = progressBarGCD/Info.plist;
				INFOPLIST_KEY_UIApplicationSupportsIndirectInputEvents = YES;
				INFOPLIST_KEY_UILaunchStoryboardName = LaunchScreen;
				INFOPLIST_KEY_UIMainStoryboardFile = Main;
				INFOPLIST_KEY_UISupportedInterfaceOrientations_iPad = "UIInterfaceOrientationPortrait UIInterfaceOrientationPortraitUpsideDown UIInterfaceOrientationLandscapeLeft UIInterfaceOrientationLandscapeRight";
				INFOPLIST_KEY_UISupportedInterfaceOrientations_iPhone = "UIInterfaceOrientationPortrait UIInterfaceOrientationLandscapeLeft UIInterfaceOrientationLandscapeRight";
				LD_RUNPATH_SEARCH_PATHS = (
					"$(inherited)",
					"@executable_path/Frameworks",
				);
				MARKETING_VERSION = 1.0;
				PRODUCT_BUNDLE_IDENTIFIER = "Antonio-Jesus.progressBarGCD";
				PRODUCT_NAME = "$(TARGET_NAME)";
				SWIFT_EMIT_LOC_STRINGS = YES;
				SWIFT_VERSION = 5.0;
				TARGETED_DEVICE_FAMILY = "1,2";
			};
			name = Debug;
		};
		A96A2CDC2920ED8800CA2B68 /* Release */ = {
			isa = XCBuildConfiguration;
			buildSettings = {
				ASSETCATALOG_COMPILER_APPICON_NAME = AppIcon;
				ASSETCATALOG_COMPILER_GLOBAL_ACCENT_COLOR_NAME = AccentColor;
				CODE_SIGN_STYLE = Automatic;
				CURRENT_PROJECT_VERSION = 1;
				GENERATE_INFOPLIST_FILE = YES;
				INFOPLIST_FILE = progressBarGCD/Info.plist;
				INFOPLIST_KEY_UIApplicationSupportsIndirectInputEvents = YES;
				INFOPLIST_KEY_UILaunchStoryboardName = LaunchScreen;
				INFOPLIST_KEY_UIMainStoryboardFile = Main;
				INFOPLIST_KEY_UISupportedInterfaceOrientations_iPad = "UIInterfaceOrientationPortrait UIInterfaceOrientationPortraitUpsideDown UIInterfaceOrientationLandscapeLeft UIInterfaceOrientationLandscapeRight";
				INFOPLIST_KEY_UISupportedInterfaceOrientations_iPhone = "UIInterfaceOrientationPortrait UIInterfaceOrientationLandscapeLeft UIInterfaceOrientationLandscapeRight";
				LD_RUNPATH_SEARCH_PATHS = (
					"$(inherited)",
					"@executable_path/Frameworks",
				);
				MARKETING_VERSION = 1.0;
				PRODUCT_BUNDLE_IDENTIFIER = "Antonio-Jesus.progressBarGCD";
				PRODUCT_NAME = "$(TARGET_NAME)";
				SWIFT_EMIT_LOC_STRINGS = YES;
				SWIFT_VERSION = 5.0;
				TARGETED_DEVICE_FAMILY = "1,2";
			};
			name = Release;
		};
/* End XCBuildConfiguration section */

/* Begin XCConfigurationList section */
		A96A2CC12920ED8800CA2B68 /* Build configuration list for PBXProject "progressBarGCD" */ = {
			isa = XCConfigurationList;
			buildConfigurations = (
				A96A2CD82920ED8800CA2B68 /* Debug */,
				A96A2CD92920ED8800CA2B68 /* Release */,
			);
			defaultConfigurationIsVisible = 0;
			defaultConfigurationName = Release;
		};
		A96A2CDA2920ED8800CA2B68 /* Build configuration list for PBXNativeTarget "progressBarGCD" */ = {
			isa = XCConfigurationList;
			buildConfigurations = (
				A96A2CDB2920ED8800CA2B68 /* Debug */,
				A96A2CDC2920ED8800CA2B68 /* Release */,
			);
			defaultConfigurationIsVisible = 0;
			defaultConfigurationName = Release;
		};
/* End XCConfigurationList section */
	};
	rootObject = A96A2CBE2920ED8800CA2B68 /* Project object */;
}
